{
  "name": "echoshell",
  "lockfileVersion": 3,
  "requires": true,
  "packages": {
    "": {
      "dependencies": {
        "@xterm/addon-fit": "^0.9.0-beta.1",
        "xterm": "^5.3.0"
      }
    },
    "node_modules/@xterm/addon-fit": {
      "version": "0.9.0-beta.1",
      "resolved": "https://registry.npmjs.org/@xterm/addon-fit/-/addon-fit-0.9.0-beta.1.tgz",
      "integrity": "sha512-HmGRUMMamUpQYuQBF2VP1LJ0xzqF85LMFfpaNu84t1Tsrl1lPKJWtqX9FDZ22Rf5q6bnKdbj44TRVAUHgDRbLA==",
      "peerDependencies": {
        "xterm": "^5.0.0"
      }
    },
    "node_modules/xterm": {
      "version": "5.3.0",
      "resolved": "https://registry.npmjs.org/xterm/-/xterm-5.3.0.tgz",
      "integrity": "sha512-8QqjlekLUFTrU6x7xck1MsPzPA571K5zNqWm0M0oroYEWVOptZ0+ubQSkQ3uxIEhcIHRujJy6emDWX4A7qyFzg=="
    }
  }
}
